<?xml version="1.0" encoding="utf-8"?>
<Project ToolsVersion="4.0" xmlns="http://schemas.microsoft.com/developer/msbuild/2003">
  <ItemGroup>
    <Filter Include="Source Files">
      <UniqueIdentifier>{4FC737F1-C7A5-4376-A066-2A32D752A2FF}</UniqueIdentifier>
      <Extensions>cpp;c;cxx;def;odl;idl;hpj;bat;asm;asmx</Extensions>
    </Filter>
    <Filter Include="Header Files">
      <UniqueIdentifier>{93995380-89BD-4b04-88EB-625FBE52EBFB}</UniqueIdentifier>
      <Extensions>h;hpp;hxx;hm;inl;inc;xsd</Extensions>
    </Filter>
    <Filter Include="Rendering">
      <UniqueIdentifier>{803a5d87-6f9d-4013-9ff5-62ede0051b1b}</UniqueIdentifier>
    </Filter>
    <Filter Include="File Loading">
      <UniqueIdentifier>{6e0fe610-2149-4ace-830b-44368a77d42c}</UniqueIdentifier>
    </Filter>
    <Filter Include="Sample Framework">
      <UniqueIdentifier>{03b179ba-2861-4ece-b231-d9765a33d543}</UniqueIdentifier>
    </Filter>
    <Filter Include="Misc">
      <UniqueIdentifier>{34b439cf-5014-4410-95ba-62f24de5393b}</UniqueIdentifier>
    </Filter>
  </ItemGroup>
  <ItemGroup>
    <ClCompile Include="stdafx.cpp">
      <Filter>Source Files</Filter>
    </ClCompile>
    <ClCompile Include="AtgFont.cpp">
      <Filter>Rendering</Filter>
    </ClCompile>
    <ClCompile Include="AtgResource.cpp">
      <Filter>File Loading</Filter>
    </ClCompile>
    <ClCompile Include="AtgApp.cpp">
      <Filter>Sample Framework</Filter>
    </ClCompile>
    <ClCompile Include="AtgUtil.cpp">
      <Filter>Misc</Filter>
    </ClCompile>
  </ItemGroup>
  <ItemGroup>
    <ClInclude Include="stdafx.h">
      <Filter>Header Files</Filter>
    </ClInclude>
    <ClInclude Include="AtgFont.h">
      <Filter>Rendering</Filter>
    </ClInclude>
    <ClInclude Include="AtgResource.h">
      <Filter>File Loading</Filter>
    </ClInclude>
    <ClInclude Include="AtgApp.h">
      <Filter>Sample Framework</Filter>
    </ClInclude>
    <ClInclude Include="AtgUtil.h">
      <Filter>Misc</Filter>
    </ClInclude>
  </ItemGroup>
</Project>